
Microsoft Visual Studio Solution File, Format Version 12.00
# Visual Studio Version 17
VisualStudioVersion = 17.8.34511.84
MinimumVisualStudioVersion = 10.0.40219.1
Project("{FAE04EC0-301F-11D3-BF4B-00C04F79EFBC}") = "Blazor.WebAssembly.Standalone", "Blazor.WebAssembly.Standalone\Blazor.WebAssembly.Standalone.csproj", "{26517821-C6A8-474D-9DC8-2C1DFCEE6CB8}"
EndProject
Project("{FAE04EC0-301F-11D3-BF4B-00C04F79EFBC}") = "Azure.Functions.Serverless", "Azure.Functions.Serverless\Azure.Functions.Serverless.csproj", "{5A7EB147-F108-42BD-AC28-BAB8D9F62DC1}"
EndProject
Project("{FAE04EC0-301F-11D3-BF4B-00C04F79EFBC}") = "Shared", "Shared\Shared.csproj", "{A7819F9B-3D67-4F43-8767-8C6FC7FBEAF7}"
EndProject
Global
	GlobalSection(SolutionConfigurationPlatforms) = preSolution
		Debug|Any CPU = Debug|Any CPU
		Release|Any CPU = Release|Any CPU
	EndGlobalSection
	GlobalSection(ProjectConfigurationPlatforms) = postSolution
		{26517821-C6A8-474D-9DC8-2C1DFCEE6CB8}.Debug|Any CPU.ActiveCfg = Debug|Any CPU
		{26517821-C6A8-474D-9DC8-2C1DFCEE6CB8}.Debug|Any CPU.Build.0 = Debug|Any CPU
		{26517821-C6A8-474D-9DC8-2C1DFCEE6CB8}.Release|Any CPU.ActiveCfg = Release|Any CPU
		{26517821-C6A8-474D-9DC8-2C1DFCEE6CB8}.Release|Any CPU.Build.0 = Release|Any CPU
		{5A7EB147-F108-42BD-AC28-BAB8D9F62DC1}.Debug|Any CPU.ActiveCfg = Debug|Any CPU
		{5A7EB147-F108-42BD-AC28-BAB8D9F62DC1}.Debug|Any CPU.Build.0 = Debug|Any CPU
		{5A7EB147-F108-42BD-AC28-BAB8D9F62DC1}.Release|Any CPU.ActiveCfg = Release|Any CPU
		{5A7EB147-F108-42BD-AC28-BAB8D9F62DC1}.Release|Any CPU.Build.0 = Release|Any CPU
		{A7819F9B-3D67-4F43-8767-8C6FC7FBEAF7}.Debug|Any CPU.ActiveCfg = Debug|Any CPU
		{A7819F9B-3D67-4F43-8767-8C6FC7FBEAF7}.Debug|Any CPU.Build.0 = Debug|Any CPU
		{A7819F9B-3D67-4F43-8767-8C6FC7FBEAF7}.Release|Any CPU.ActiveCfg = Release|Any CPU
		{A7819F9B-3D67-4F43-8767-8C6FC7FBEAF7}.Release|Any CPU.Build.0 = Release|Any CPU
	EndGlobalSection
	GlobalSection(SolutionProperties) = preSolution
		HideSolutionNode = FALSE
	EndGlobalSection
	GlobalSection(ExtensibilityGlobals) = postSolution
		SolutionGuid = {40C8EB1F-1C82-4B2C-BC9A-BB41DFFA301B}
	EndGlobalSection
EndGlobal
